{
    "name": "cakeshow",
    "version": "0.0.1",
    "lockfileVersion": 1,
    "requires": true,
    "dependencies": {
        "@types/debug": {
            "version": "4.1.7",
            "resolved": "https://registry.npmjs.org/@types/debug/-/debug-4.1.7.tgz",
            "integrity": "sha512-9AonUzyTjXXhEOa0DnqpzZi6VHlqKMswga9EXjpXnnqxwLtdvPPtlO8evrI5D9S6asFRCQ6v+wpiUKbw+vKqyg==",
            "requires": {
                "@types/ms": "*"
            }
        },
        "@types/ms": {
            "version": "0.7.31",
            "resolved": "https://registry.npmjs.org/@types/ms/-/ms-0.7.31.tgz",
            "integrity": "sha512-iiUgKzV9AuaEkZqkOLDIvlQiL6ltuZd9tGcW3gwpnX8JbuiuhFlEGmmFXEXkN50Cvq7Os88IY2v0dkDqXYWVgA=="
        },
        "@types/node": {
            "version": "18.14.0",
            "resolved": "https://registry.npmjs.org/@types/node/-/node-18.14.0.tgz",
            "integrity": "sha512-5EWrvLmglK+imbCJY0+INViFWUHg1AHel1sq4ZVSfdcNqGy9Edv3UB9IIzzg+xPaUcAgZYcfVs2fBcwDeZzU0A=="
        },
        "@types/validator": {
            "version": "13.7.12",
            "resolved": "https://registry.npmjs.org/@types/validator/-/validator-13.7.12.tgz",
            "integrity": "sha512-YVtyAPqpefU+Mm/qqnOANW6IkqKpCSrarcyV269C8MA8Ux0dbkEuQwM/4CjL47kVEM2LgBef/ETfkH+c6+moFA=="
        },
        "acorn": {
            "version": "2.7.0",
            "resolved": "https://registry.npmjs.org/acorn/-/acorn-2.7.0.tgz",
            "integrity": "sha1-q259nYhqrKiwhbwzEreaGYQz8Oc="
        },
        "acorn-globals": {
            "version": "1.0.9",
            "resolved": "https://registry.npmjs.org/acorn-globals/-/acorn-globals-1.0.9.tgz",
            "integrity": "sha1-VbtemGkVB7dFedBRNBMhfDgMVM8=",
            "requires": {
                "acorn": "2.7.0"
            }
        },
        "align-text": {
            "version": "0.1.4",
            "resolved": "https://registry.npmjs.org/align-text/-/align-text-0.1.4.tgz",
            "integrity": "sha1-DNkKVhCT810KmSVsIrcGlDP60Rc=",
            "requires": {
                "kind-of": "3.1.0",
                "longest": "1.0.1",
                "repeat-string": "1.6.1"
            }
        },
        "amdefine": {
            "version": "1.0.1",
            "resolved": "https://registry.npmjs.org/amdefine/-/amdefine-1.0.1.tgz",
            "integrity": "sha1-SlKCrBZHKek2Gbz9OtFR+BfOkfU="
        },
        "asap": {
            "version": "1.0.0",
            "resolved": "https://registry.npmjs.org/asap/-/asap-1.0.0.tgz",
            "integrity": "sha1-sqRdpf36ILBJb8N2jMJ8EvqRan0="
        },
        "async": {
            "version": "0.1.22",
            "resolved": "https://registry.npmjs.org/async/-/async-0.1.22.tgz",
            "integrity": "sha1-D8GqoIig4+8Ovi2IMbqw3PiEUGE="
        },
        "bignumber.js": {
            "version": "2.4.0",
            "resolved": "https://registry.npmjs.org/bignumber.js/-/bignumber.js-2.4.0.tgz",
            "integrity": "sha1-g4qZLan51zfg9LLbC+YrsJ3Qxeg="
        },
        "camelcase": {
            "version": "1.2.1",
            "resolved": "https://registry.npmjs.org/camelcase/-/camelcase-1.2.1.tgz",
            "integrity": "sha1-m7UwTS4LVmmLLHWLCKPqqdqlijk="
        },
        "center-align": {
            "version": "0.1.3",
            "resolved": "https://registry.npmjs.org/center-align/-/center-align-0.1.3.tgz",
            "integrity": "sha1-qg0yYptu6XIgBBHL1EYckHvCt60=",
            "requires": {
                "align-text": "0.1.4",
                "lazy-cache": "1.0.4"
            }
        },
        "character-parser": {
            "version": "1.2.1",
            "resolved": "https://registry.npmjs.org/character-parser/-/character-parser-1.2.1.tgz",
            "integrity": "sha1-wN3kqxgnE7kZuXCVmhI+zBow/NY="
        },
        "clean-css": {
            "version": "3.4.23",
            "resolved": "https://registry.npmjs.org/clean-css/-/clean-css-3.4.23.tgz",
            "integrity": "sha1-YE+7yiTBL+tZsC8AuE8ft97W0AE=",
            "requires": {
                "commander": "2.8.1",
                "source-map": "0.4.4"
            },
            "dependencies": {
                "commander": {
                    "version": "2.8.1",
                    "resolved": "https://registry.npmjs.org/commander/-/commander-2.8.1.tgz",
                    "integrity": "sha1-Br42f+v9oMMwqh4qBy09yXYkJdQ=",
                    "requires": {
                        "graceful-readlink": "1.0.1"
                    }
                }
            }
        },
        "cliui": {
            "version": "2.1.0",
            "resolved": "https://registry.npmjs.org/cliui/-/cliui-2.1.0.tgz",
            "integrity": "sha1-S0dXYP+AJkx2LDoXGQMukcf+oNE=",
            "requires": {
                "center-align": "0.1.3",
                "right-align": "0.1.3",
                "wordwrap": "0.0.2"
            },
            "dependencies": {
                "wordwrap": {
                    "version": "0.0.2",
                    "resolved": "https://registry.npmjs.org/wordwrap/-/wordwrap-0.0.2.tgz",
                    "integrity": "sha1-t5Zpu0LstAn4PVg8rVLKF+qhZD8="
                }
            }
        },
        "coffee-script": {
            "version": "1.10.0",
            "resolved": "https://registry.npmjs.org/coffee-script/-/coffee-script-1.10.0.tgz",
            "integrity": "sha1-EpOLz5vhlI+gBvkuDEyegXBRCMA="
        },
        "commander": {
            "version": "2.6.0",
            "resolved": "https://registry.npmjs.org/commander/-/commander-2.6.0.tgz",
            "integrity": "sha1-nfflL7Kgyw+4kFjugMMQQiXzfh0="
        },
        "connect": {
            "version": "1.9.2",
            "resolved": "https://registry.npmjs.org/connect/-/connect-1.9.2.tgz",
            "integrity": "sha1-QogKIulDiuWait105Df1iujlKAc=",
            "requires": {
                "formidable": "1.0.17",
                "mime": "1.3.4",
                "qs": "6.3.0"
            }
        },
        "constantinople": {
            "version": "3.0.2",
            "resolved": "https://registry.npmjs.org/constantinople/-/constantinople-3.0.2.tgz",
            "integrity": "sha1-S5RdmTeQe82Y7ldRIsOBdRZUQUE=",
            "requires": {
                "acorn": "2.7.0"
            }
        },
        "core-util-is": {
            "version": "1.0.2",
            "resolved": "https://registry.npmjs.org/core-util-is/-/core-util-is-1.0.2.tgz",
            "integrity": "sha1-tf1UIgqivFq1eqtxQMlAdUUDwac="
        },
        "css": {
            "version": "1.0.8",
            "resolved": "https://registry.npmjs.org/css/-/css-1.0.8.tgz",
            "integrity": "sha1-k4aBHKgrzMnuf7WnMrHioxfIo+c=",
            "requires": {
                "css-parse": "1.0.4",
                "css-stringify": "1.0.5"
            }
        },
        "css-parse": {
            "version": "1.0.4",
            "resolved": "https://registry.npmjs.org/css-parse/-/css-parse-1.0.4.tgz",
            "integrity": "sha1-OLBQP7+dqfVOnB29pg4UXHcRe90="
        },
        "css-stringify": {
            "version": "1.0.5",
            "resolved": "https://registry.npmjs.org/css-stringify/-/css-stringify-1.0.5.tgz",
            "integrity": "sha1-sNBClG2ylTu50pKQCmy19tASIDE="
        },
        "debug": {
            "version": "4.3.4",
            "resolved": "https://registry.npmjs.org/debug/-/debug-4.3.4.tgz",
            "integrity": "sha512-PRWFHuSU3eDtQJPvnNY7Jcket1j0t5OuOsFzPPzsekD52Zl8qUfFIPEiswXqIvHWGVHOgX+7G/vCNNhehwxfkQ==",
            "requires": {
                "ms": "2.1.2"
            }
        },
        "decamelize": {
            "version": "1.2.0",
            "resolved": "https://registry.npmjs.org/decamelize/-/decamelize-1.2.0.tgz",
            "integrity": "sha1-9lNNFRSCabIDUue+4m9QH5oZEpA="
        },
        "dottie": {
            "version": "2.0.3",
            "resolved": "https://registry.npmjs.org/dottie/-/dottie-2.0.3.tgz",
            "integrity": "sha512-4liA0PuRkZWQFQjwBypdxPfZaRWiv5tkhMXY2hzsa2pNf5s7U3m9cwUchfNKe8wZQxdGPQQzO6Rm2uGe0rvohQ=="
        },
        "express": {
            "version": "2.5.5",
            "resolved": "https://registry.npmjs.org/express/-/express-2.5.5.tgz",
            "integrity": "sha1-0V1P/lxCCt2gZFaANhuyHINrbnw=",
            "requires": {
                "connect": "1.9.2",
                "mime": "1.3.4",
                "mkdirp": "0.0.7",
                "qs": "6.3.0"
            }
        },
        "formidable": {
            "version": "1.0.17",
            "resolved": "https://registry.npmjs.org/formidable/-/formidable-1.0.17.tgz",
            "integrity": "sha1-71SRSQ+UM7cF+qdyScmQKa40hVk="
        },
        "graceful-readlink": {
            "version": "1.0.1",
            "resolved": "https://registry.npmjs.org/graceful-readlink/-/graceful-readlink-1.0.1.tgz",
            "integrity": "sha1-TK+tdrxi8C+gObL5Tpo906ORpyU="
        },
        "inflection": {
            "version": "1.13.4",
            "resolved": "https://registry.npmjs.org/inflection/-/inflection-1.13.4.tgz",
            "integrity": "sha512-6I/HUDeYFfuNCVS3td055BaXBwKYuzw7K3ExVMStBowKo9oOAMJIXIHvdyR3iboTCp1b+1i5DSkIZTcwIktuDw=="
        },
        "inherits": {
            "version": "2.0.3",
            "resolved": "https://registry.npmjs.org/inherits/-/inherits-2.0.3.tgz",
            "integrity": "sha1-Yzwsg+PaQqUC9SRmAiSA9CCCYd4="
        },
        "is-buffer": {
            "version": "1.1.4",
            "resolved": "https://registry.npmjs.org/is-buffer/-/is-buffer-1.1.4.tgz",
            "integrity": "sha1-z8hszV3FpS+oBIkRHGkgxFfi2Ys="
        },
        "is-promise": {
            "version": "2.1.0",
            "resolved": "https://registry.npmjs.org/is-promise/-/is-promise-2.1.0.tgz",
            "integrity": "sha1-eaKp7OfwlugPNtKy87wWwf9L8/o="
        },
        "isarray": {
            "version": "0.0.1",
            "resolved": "https://registry.npmjs.org/isarray/-/isarray-0.0.1.tgz",
            "integrity": "sha1-ihis/Kmo9Bd+Cav8YDiTmwXR7t8="
        },
        "jade": {
            "version": "1.11.0",
            "resolved": "https://registry.npmjs.org/jade/-/jade-1.11.0.tgz",
            "integrity": "sha1-nIDlOMEtP7lcjZu5VZ+gzAQEBf0=",
            "requires": {
                "character-parser": "1.2.1",
                "clean-css": "3.4.23",
                "commander": "2.6.0",
                "constantinople": "3.0.2",
                "jstransformer": "0.0.2",
                "mkdirp": "0.5.1",
                "transformers": "2.1.0",
                "uglify-js": "2.7.5",
                "void-elements": "2.0.1",
                "with": "4.0.3"
            },
            "dependencies": {
                "mkdirp": {
                    "version": "0.5.1",
                    "resolved": "https://registry.npmjs.org/mkdirp/-/mkdirp-0.5.1.tgz",
                    "integrity": "sha1-MAV0OOrGz3+MR2fzhkjWaX11yQM=",
                    "requires": {
                        "minimist": "0.0.8"
                    }
                }
            }
        },
        "jstransformer": {
            "version": "0.0.2",
            "resolved": "https://registry.npmjs.org/jstransformer/-/jstransformer-0.0.2.tgz",
            "integrity": "sha1-eq4pqQPRls+glz2IXT5HlH7Ndqs=",
            "requires": {
                "is-promise": "2.1.0",
                "promise": "6.1.0"
            }
        },
        "kind-of": {
            "version": "3.1.0",
            "resolved": "https://registry.npmjs.org/kind-of/-/kind-of-3.1.0.tgz",
            "integrity": "sha1-R11pil5J/15T0U4+cyQp3Iv0z0c=",
            "requires": {
                "is-buffer": "1.1.4"
            }
        },
        "lazy-cache": {
            "version": "1.0.4",
            "resolved": "https://registry.npmjs.org/lazy-cache/-/lazy-cache-1.0.4.tgz",
            "integrity": "sha1-odePw6UEdMuAhF07O24dpJpEbo4="
        },
        "less": {
            "version": "1.2.1",
            "resolved": "https://registry.npmjs.org/less/-/less-1.2.1.tgz",
            "integrity": "sha1-t2/QLC68XQgFxZuVKZUfIqRbZec="
        },
        "lodash": {
            "version": "4.17.21",
            "resolved": "https://registry.npmjs.org/lodash/-/lodash-4.17.21.tgz",
            "integrity": "sha512-v2kDEe57lecTulaDIuNTPy3Ry4gLGJ6Z1O3vE1krgXZNrsQ+LFTGHVxVjcXPs17LhbZVGedAJv8XZ1tvj5FvSg=="
        },
        "longest": {
            "version": "1.0.1",
            "resolved": "https://registry.npmjs.org/longest/-/longest-1.0.1.tgz",
            "integrity": "sha1-MKCy2jj3N3DoKUoNIuZiXtd9AJc="
        },
        "lru-cache": {
            "version": "6.0.0",
            "resolved": "https://registry.npmjs.org/lru-cache/-/lru-cache-6.0.0.tgz",
            "integrity": "sha512-Jo6dJ04CmSjuznwJSS3pUeWmd/H0ffTlkXXgwZi+eq1UCmqQwCh+eLsYOYCwY991i2Fah4h1BEMCx4qThGbsiA==",
            "requires": {
                "yallist": "^4.0.0"
            }
        },
        "mime": {
            "version": "1.3.4",
            "resolved": "https://registry.npmjs.org/mime/-/mime-1.3.4.tgz",
            "integrity": "sha1-EV+eO2s9rylZmDyzjxSaLUDrXVM="
        },
        "minimist": {
            "version": "0.0.8",
            "resolved": "https://registry.npmjs.org/minimist/-/minimist-0.0.8.tgz",
            "integrity": "sha1-hX/Kv8M5fSYluCKCYuhqp6ARsF0="
        },
        "mkdirp": {
            "version": "0.0.7",
            "resolved": "https://registry.npmjs.org/mkdirp/-/mkdirp-0.0.7.tgz",
            "integrity": "sha1-2JtPDkw+XlylQjWTFnXglP4aUHI="
        },
        "moment": {
            "version": "2.29.4",
            "resolved": "https://registry.npmjs.org/moment/-/moment-2.29.4.tgz",
            "integrity": "sha512-5LC9SOxjSc2HF6vO2CyuTDNivEdoz2IvyJJGj6X8DJ0eFyfszE0QiEd+iXmBvUP3WHxSjFH/vIsA0EN00cgr8w=="
        },
        "moment-timezone": {
            "version": "0.5.40",
            "resolved": "https://registry.npmjs.org/moment-timezone/-/moment-timezone-0.5.40.tgz",
            "integrity": "sha512-tWfmNkRYmBkPJz5mr9GVDn9vRlVZOTe6yqY92rFxiOdWXbjaR0+9LwQnZGGuNR63X456NqmEkbskte8tWL5ePg==",
            "requires": {
                "moment": ">= 2.9.0"
            }
        },
        "ms": {
            "version": "2.1.2",
            "resolved": "https://registry.npmjs.org/ms/-/ms-2.1.2.tgz",
            "integrity": "sha512-sGkPx+VjMtmA6MX27oA4FBFELFCZZ4S4XqeGOXCv68tT+jb3vk/RyaKWP0PTKyWtmLSM0b+adUTEvbs1PEaH2w=="
        },
        "mysql": {
            "version": "2.12.0",
            "resolved": "https://registry.npmjs.org/mysql/-/mysql-2.12.0.tgz",
            "integrity": "sha1-GPevdFVfP1W3wz1n/CykjM1JDk0=",
            "requires": {
                "bignumber.js": "2.4.0",
                "readable-stream": "1.1.14",
                "sqlstring": "2.2.0"
            }
        },
        "optimist": {
            "version": "0.3.7",
            "resolved": "https://registry.npmjs.org/optimist/-/optimist-0.3.7.tgz",
            "integrity": "sha1-yQlBrVnkJzMokjB00s8ufLxuwNk=",
            "requires": {
                "wordwrap": "0.0.3"
            }
        },
        "pg-connection-string": {
            "version": "2.5.0",
            "resolved": "https://registry.npmjs.org/pg-connection-string/-/pg-connection-string-2.5.0.tgz",
            "integrity": "sha512-r5o/V/ORTA6TmUnyWZR9nCj1klXCO2CEKNRlVuJptZe85QuhFayC7WeMic7ndayT5IRIR0S0xFxFi2ousartlQ=="
        },
        "promise": {
            "version": "6.1.0",
            "resolved": "https://registry.npmjs.org/promise/-/promise-6.1.0.tgz",
            "integrity": "sha1-LOcp9rlLRcJoka0GAsXJDgTG7vY=",
            "requires": {
                "asap": "1.0.0"
            }
        },
        "qs": {
            "version": "6.3.0",
            "resolved": "https://registry.npmjs.org/qs/-/qs-6.3.0.tgz",
            "integrity": "sha1-9AOyZPI7wBIox0ExtAfxjV6l1EI="
        },
        "readable-stream": {
            "version": "1.1.14",
            "resolved": "https://registry.npmjs.org/readable-stream/-/readable-stream-1.1.14.tgz",
            "integrity": "sha1-fPTFTvZI44EwhMY23SB54WbAgdk=",
            "requires": {
                "core-util-is": "1.0.2",
                "inherits": "2.0.3",
                "isarray": "0.0.1",
                "string_decoder": "0.10.31"
            }
        },
        "repeat-string": {
            "version": "1.6.1",
            "resolved": "https://registry.npmjs.org/repeat-string/-/repeat-string-1.6.1.tgz",
            "integrity": "sha1-jcrkcOHIirwtYA//Sndihtp15jc="
        },
        "retry-as-promised": {
            "version": "5.0.0",
            "resolved": "https://registry.npmjs.org/retry-as-promised/-/retry-as-promised-5.0.0.tgz",
            "integrity": "sha512-6S+5LvtTl2ggBumk04hBo/4Uf6fRJUwIgunGZ7CYEBCeufGFW1Pu6ucUf/UskHeWOIsUcLOGLFXPig5tR5V1nA=="
        },
        "right-align": {
            "version": "0.1.3",
            "resolved": "https://registry.npmjs.org/right-align/-/right-align-0.1.3.tgz",
            "integrity": "sha1-YTObci/mo1FWiSENJOFMlhSGE+8=",
            "requires": {
                "align-text": "0.1.4"
            }
        },
        "semver": {
            "version": "7.3.8",
            "resolved": "https://registry.npmjs.org/semver/-/semver-7.3.8.tgz",
            "integrity": "sha512-NB1ctGL5rlHrPJtFDVIVzTyQylMLu9N9VICA6HSFJo8MCGVTMW6gfpicwKmmK/dAjTOrqu5l63JJOpDSrAis3A==",
            "requires": {
                "lru-cache": "^6.0.0"
            }
        },
        "sequelize": {
            "version": "6.19.1",
            "resolved": "https://registry.npmjs.org/sequelize/-/sequelize-6.19.1.tgz",
            "integrity": "sha512-iTgi0y6q6XCFf2+Tzclhpe/EBVlCNOSl5fLNmquAmrgfOsDzEoPbceu0TXmrEe9osYHscX295awi0+dTDR1qzQ==",
            "requires": {
                "@types/debug": "^4.1.7",
                "@types/validator": "^13.7.1",
                "debug": "^4.3.3",
                "dottie": "^2.0.2",
                "inflection": "^1.13.2",
                "lodash": "^4.17.21",
                "moment": "^2.29.1",
                "moment-timezone": "^0.5.34",
                "pg-connection-string": "^2.5.0",
                "retry-as-promised": "^5.0.0",
                "semver": "^7.3.5",
                "sequelize-pool": "^7.1.0",
                "toposort-class": "^1.0.1",
                "uuid": "^8.3.2",
                "validator": "^13.7.0",
                "wkx": "^0.5.0"
            }
        },
        "sequelize-pool": {
            "version": "7.1.0",
            "resolved": "https://registry.npmjs.org/sequelize-pool/-/sequelize-pool-7.1.0.tgz",
            "integrity": "sha512-G9c0qlIWQSK29pR/5U2JF5dDQeqqHRragoyahj/Nx4KOOQ3CPPfzxnfqFPCSB7x5UgjOgnZ61nSxz+fjDpRlJg=="
        },
        "source-map": {
            "version": "0.4.4",
            "resolved": "https://registry.npmjs.org/source-map/-/source-map-0.4.4.tgz",
            "integrity": "sha1-66T12pwNyZneaAMti092FzZSA2s=",
            "requires": {
                "amdefine": "1.0.1"
            }
        },
        "sqlstring": {
            "version": "2.2.0",
            "resolved": "https://registry.npmjs.org/sqlstring/-/sqlstring-2.2.0.tgz",
            "integrity": "sha1-wxNcTqirzX5+50GklmqJHYak8ZE="
        },
        "stitch": {
            "version": "0.3.3",
            "resolved": "https://registry.npmjs.org/stitch/-/stitch-0.3.3.tgz",
            "integrity": "sha1-pS8Nf2I6TAy3zM1JSnG2GvPywMs=",
            "requires": {
                "async": "0.1.22",
                "underscore": "1.2.4"
            }
        },
        "string_decoder": {
            "version": "0.10.31",
            "resolved": "https://registry.npmjs.org/string_decoder/-/string_decoder-0.10.31.tgz",
            "integrity": "sha1-YuIDvEF2bGwoyfyEMB2rHFMQ+pQ="
        },
        "toposort-class": {
            "version": "1.0.1",
            "resolved": "https://registry.npmjs.org/toposort-class/-/toposort-class-1.0.1.tgz",
            "integrity": "sha512-OsLcGGbYF3rMjPUf8oKktyvCiUxSbqMMS39m33MAjLTC1DVIH6x3WSt63/M77ihI09+Sdfk1AXvfhCEeUmC7mg=="
        },
        "transformers": {
            "version": "2.1.0",
            "resolved": "https://registry.npmjs.org/transformers/-/transformers-2.1.0.tgz",
            "integrity": "sha1-XSPLNVYd2F3Gf7hIIwm0fVPM6ac=",
            "requires": {
                "css": "1.0.8",
                "promise": "2.0.0",
                "uglify-js": "2.2.5"
            },
            "dependencies": {
                "is-promise": {
                    "version": "1.0.1",
                    "resolved": "https://registry.npmjs.org/is-promise/-/is-promise-1.0.1.tgz",
                    "integrity": "sha1-MVc3YcBX4zwukaq56W2gjO++duU="
                },
                "promise": {
                    "version": "2.0.0",
                    "resolved": "https://registry.npmjs.org/promise/-/promise-2.0.0.tgz",
                    "integrity": "sha1-RmSKqdYFr10ucMMCS/WUNtoCuA4=",
                    "requires": {
                        "is-promise": "1.0.1"
                    }
                },
                "source-map": {
                    "version": "0.1.43",
                    "resolved": "https://registry.npmjs.org/source-map/-/source-map-0.1.43.tgz",
                    "integrity": "sha1-wkvBRspRfBRx9drL4lcbK3+eM0Y=",
                    "requires": {
                        "amdefine": "1.0.1"
                    }
                },
                "uglify-js": {
                    "version": "2.2.5",
                    "resolved": "https://registry.npmjs.org/uglify-js/-/uglify-js-2.2.5.tgz",
                    "integrity": "sha1-puAqcNg5eSuXgEiLe4sYTAlcmcc=",
                    "requires": {
                        "optimist": "0.3.7",
                        "source-map": "0.1.43"
                    }
                }
            }
        },
        "uglify-js": {
            "version": "2.7.5",
            "resolved": "https://registry.npmjs.org/uglify-js/-/uglify-js-2.7.5.tgz",
            "integrity": "sha1-RhLAx7qu4rp8SH3kkErhIgefLKg=",
            "requires": {
                "async": "0.2.10",
                "source-map": "0.5.6",
                "uglify-to-browserify": "1.0.2",
                "yargs": "3.10.0"
            },
            "dependencies": {
                "async": {
                    "version": "0.2.10",
                    "resolved": "https://registry.npmjs.org/async/-/async-0.2.10.tgz",
                    "integrity": "sha1-trvgsGdLnXGXCMo43owjfLUmw9E="
                },
                "source-map": {
                    "version": "0.5.6",
                    "resolved": "https://registry.npmjs.org/source-map/-/source-map-0.5.6.tgz",
                    "integrity": "sha1-dc449SvwczxafwwRjYEzSiu19BI="
                }
            }
        },
        "uglify-to-browserify": {
            "version": "1.0.2",
            "resolved": "https://registry.npmjs.org/uglify-to-browserify/-/uglify-to-browserify-1.0.2.tgz",
            "integrity": "sha1-bgkk1r2mta/jSeOabWMoUKD4grc="
        },
        "underscore": {
            "version": "1.2.4",
            "resolved": "https://registry.npmjs.org/underscore/-/underscore-1.2.4.tgz",
            "integrity": "sha1-6NpiQaoG9k3yRzuyWQuMF8hMPH4="
        },
        "uuid": {
            "version": "8.3.2",
            "resolved": "https://registry.npmjs.org/uuid/-/uuid-8.3.2.tgz",
            "integrity": "sha512-+NYs2QeMWy+GWFOEm9xnn6HCDp0l7QBD7ml8zLUmJ+93Q5NF0NocErnwkTkXVFNiX3/fpC6afS8Dhb/gz7R7eg=="
        },
        "validator": {
            "version": "13.9.0",
            "resolved": "https://registry.npmjs.org/validator/-/validator-13.9.0.tgz",
            "integrity": "sha512-B+dGG8U3fdtM0/aNK4/X8CXq/EcxU2WPrPEkJGslb47qyHsxmbggTWK0yEA4qnYVNF+nxNlN88o14hIcPmSIEA=="
        },
        "void-elements": {
            "version": "2.0.1",
            "resolved": "https://registry.npmjs.org/void-elements/-/void-elements-2.0.1.tgz",
            "integrity": "sha1-wGavtYK7HLQSjWDqkjkulNXp2+w="
        },
        "window-size": {
            "version": "0.1.0",
            "resolved": "https://registry.npmjs.org/window-size/-/window-size-0.1.0.tgz",
            "integrity": "sha1-VDjNLqk7IC76Ohn+iIeu58lPnJ0="
        },
        "with": {
            "version": "4.0.3",
            "resolved": "https://registry.npmjs.org/with/-/with-4.0.3.tgz",
            "integrity": "sha1-7v0VTp550sjTQXtkeo8U2f7M4U4=",
            "requires": {
                "acorn": "1.2.2",
                "acorn-globals": "1.0.9"
            },
            "dependencies": {
                "acorn": {
                    "version": "1.2.2",
                    "resolved": "https://registry.npmjs.org/acorn/-/acorn-1.2.2.tgz",
                    "integrity": "sha1-yM4n3grMdtiW0rH6099YjZ6C8BQ="
                }
            }
        },
        "wkx": {
            "version": "0.5.0",
            "resolved": "https://registry.npmjs.org/wkx/-/wkx-0.5.0.tgz",
            "integrity": "sha512-Xng/d4Ichh8uN4l0FToV/258EjMGU9MGcA0HV2d9B/ZpZB3lqQm7nkOdZdm5GhKtLLhAE7PiVQwN4eN+2YJJUg==",
            "requires": {
                "@types/node": "*"
            }
        },
        "wordwrap": {
            "version": "0.0.3",
            "resolved": "https://registry.npmjs.org/wordwrap/-/wordwrap-0.0.3.tgz",
            "integrity": "sha1-o9XabNXAvAAI03I0u68b7WMFkQc="
        },
        "yallist": {
            "version": "4.0.0",
            "resolved": "https://registry.npmjs.org/yallist/-/yallist-4.0.0.tgz",
            "integrity": "sha512-3wdGidZyq5PB084XLES5TpOSRA3wjXAlIWMhum2kRcv/41Sn2emQ0dycQW4uZXLejwKvg6EsvbdlVL+FYEct7A=="
        },
        "yargs": {
            "version": "3.10.0",
            "resolved": "https://registry.npmjs.org/yargs/-/yargs-3.10.0.tgz",
            "integrity": "sha1-9+572FfdfB0tOMDnTvvWgdFDH9E=",
            "requires": {
                "camelcase": "1.2.1",
                "cliui": "2.1.0",
                "decamelize": "1.2.0",
                "window-size": "0.1.0"
            }
        }
    }
}
